
Microsoft Visual Studio Solution File, Format Version 12.00
# Visual Studio Version 17
VisualStudioVersion = 17.0.31903.59
MinimumVisualStudioVersion = 10.0.40219.1
Project("{2150E333-8FDC-42A3-9474-1A3956D46DE8}") = "xx-Esercitazioni", "xx-Esercitazioni", "{B65F928E-A16E-4DC1-B01E-87E39305DE55}"
EndProject
Project("{FAE04EC0-301F-11D3-BF4B-00C04F79EFBC}") = "01_metodi-console", "xx-Esercitazioni\01_metodi-console\01_metodi-console.csproj", "{EB5333FE-5E53-48BE-B656-1A85803E1BD4}"
EndProject
Project("{FAE04EC0-301F-11D3-BF4B-00C04F79EFBC}") = "02_tipi-di-dati", "xx-Esercitazioni\02_tipi-di-dati\02_tipi-di-dati.csproj", "{F87D9170-2F70-4A6A-88F9-0A615D4B6BFF}"
EndProject
Project("{FAE04EC0-301F-11D3-BF4B-00C04F79EFBC}") = "03_operatori", "xx-Esercitazioni\03_operatori\03_operatori.csproj", "{B85FFA2A-4646-47DD-A4A9-C5280AB5A1F9}"
EndProject
Project("{FAE04EC0-301F-11D3-BF4B-00C04F79EFBC}") = "04_condizioni", "xx-Esercitazioni\04_condizioni\04_condizioni.csproj", "{A558E16C-BC44-47EF-8247-093ACC6E65A3}"
EndProject
Project("{FAE04EC0-301F-11D3-BF4B-00C04F79EFBC}") = "05_cicli", "xx-Esercitazioni\05_cicli\05_cicli.csproj", "{3286CDF4-19F4-43EA-A283-812BA8FC98F0}"
EndProject
Project("{FAE04EC0-301F-11D3-BF4B-00C04F79EFBC}") = "06_metodi-array", "xx-Esercitazioni\06_metodi-array\06_metodi-array.csproj", "{AD6DEF3F-166E-45AD-9753-B471267E5DBC}"
EndProject
Project("{FAE04EC0-301F-11D3-BF4B-00C04F79EFBC}") = "07_metodi-list", "xx-Esercitazioni\07_metodi-list\07_metodi-list.csproj", "{96D060D4-482E-45CB-A6D5-E3D3F691BCC0}"
EndProject
Project("{2150E333-8FDC-42A3-9474-1A3956D46DE8}") = "Assignment", "Assignment", "{4F570AD0-FC46-4FD8-A91F-99E7724D268D}"
EndProject
Project("{FAE04EC0-301F-11D3-BF4B-00C04F79EFBC}") = "01_indovina-numero", "Assignment\01_indovina-numero\01_indovina-numero.csproj", "{AFA080A9-6AB1-4A77-B0C6-7908E3FB7AC4}"
EndProject
Project("{FAE04EC0-301F-11D3-BF4B-00C04F79EFBC}") = "08_metodi-dizionario", "xx-Esercitazioni\08_metodi-dizionario\08_metodi-dizionario.csproj", "{0610230F-8771-4610-9734-4D2138C917AE}"
EndProject
Project("{FAE04EC0-301F-11D3-BF4B-00C04F79EFBC}") = "02_sorteggio_partecipanti_corso", "Assignment\02_sorteggio_partecipanti_corso\02_sorteggio_partecipanti_corso.csproj", "{BD4F7280-3675-4E9B-AF0E-F35C3F53408A}"
EndProject
Project("{FAE04EC0-301F-11D3-BF4B-00C04F79EFBC}") = "09_dates", "xx-Esercitazioni\09_dates\09_dates.csproj", "{D509166B-C831-4430-87A0-D658BA62A6B7}"
EndProject
Project("{FAE04EC0-301F-11D3-BF4B-00C04F79EFBC}") = "10_math", "xx-Esercitazioni\10_math\10_math.csproj", "{20348E5F-7E58-4E44-9CB1-B812040BD4D5}"
EndProject
Project("{FAE04EC0-301F-11D3-BF4B-00C04F79EFBC}") = "11_gestione_delle_eccezioni", "xx-Esercitazioni\11_gestione_delle_eccezioni\11_gestione_delle_eccezioni.csproj", "{F891048A-AB94-4EF6-8DB0-7AE7BCC060F3}"
EndProject
Project("{FAE04EC0-301F-11D3-BF4B-00C04F79EFBC}") = "03_Calcolatrice", "Assignment\03_Calcolatrice\03_Calcolatrice.csproj", "{F0BB9744-C44E-43D2-AADC-7F42FE888F86}"
EndProject
Project("{FAE04EC0-301F-11D3-BF4B-00C04F79EFBC}") = "12_funzioni", "xx-Esercitazioni\12_funzioni\12_funzioni.csproj", "{E39076D5-725C-4317-B582-3BBC45895707}"
EndProject
Project("{FAE04EC0-301F-11D3-BF4B-00C04F79EFBC}") = "04_Calcolatrice_con_funzioni", "Assignment\04_Calcolatrice_con_funzioni\04_Calcolatrice_con_funzioni.csproj", "{1E4FB8F7-9CFA-4FE2-AF95-6E2A3ACBA6D6}"
EndProject
Project("{FAE04EC0-301F-11D3-BF4B-00C04F79EFBC}") = "05_Sorteggio_con_funzioni", "Assignment\05_Sorteggio_con_funzioni\05_Sorteggio_con_funzioni.csproj", "{03A15A68-9D6E-4957-B2DD-24E8BCC8BDD0}"
EndProject
Project("{FAE04EC0-301F-11D3-BF4B-00C04F79EFBC}") = "06_Indovina-numero_con_funzioni", "Assignment\06_Indovina-numero_con_funzioni\06_Indovina-numero_con_funzioni.csproj", "{3B8129B8-4537-442D-BA0F-76C30E694419}"
EndProject
Project("{FAE04EC0-301F-11D3-BF4B-00C04F79EFBC}") = "07_Gioco_dadi", "Assignment\07_Gioco_dadi\07_Gioco_dadi.csproj", "{F2025C71-5BA1-46C8-B787-E6089B8119D2}"
EndProject
Project("{FAE04EC0-301F-11D3-BF4B-00C04F79EFBC}") = "08_supermercato", "Assignment\08_supermercato\08_supermercato.csproj", "{9505C58F-9BF4-41FF-8738-6F00DC05D3C7}"
EndProject
Project("{FAE04EC0-301F-11D3-BF4B-00C04F79EFBC}") = "09_Genaratore_Password", "Assignment\09_Genaratore_Password\09_Genaratore_Password.csproj", "{87C412B3-C818-428A-9B9E-0A1748F54F97}"
EndProject
Project("{FAE04EC0-301F-11D3-BF4B-00C04F79EFBC}") = "10_inserimento_dati", "Assignment\10_inserimento_dati\10_inserimento_dati.csproj", "{CEBD24F0-A4B3-451A-B20B-A585C7C61D77}"
EndProject
Project("{FAE04EC0-301F-11D3-BF4B-00C04F79EFBC}") = "11_Metodo_verifica", "Assignment\11_Metodo_verifica\11_Metodo_verifica.csproj", "{E6DA0CD5-C078-413A-A217-A428837DB291}"
EndProject
Global
	GlobalSection(SolutionConfigurationPlatforms) = preSolution
		Debug|Any CPU = Debug|Any CPU
		Release|Any CPU = Release|Any CPU
	EndGlobalSection
	GlobalSection(ProjectConfigurationPlatforms) = postSolution
		{EB5333FE-5E53-48BE-B656-1A85803E1BD4}.Debug|Any CPU.ActiveCfg = Debug|Any CPU
		{EB5333FE-5E53-48BE-B656-1A85803E1BD4}.Debug|Any CPU.Build.0 = Debug|Any CPU
		{EB5333FE-5E53-48BE-B656-1A85803E1BD4}.Release|Any CPU.ActiveCfg = Release|Any CPU
		{EB5333FE-5E53-48BE-B656-1A85803E1BD4}.Release|Any CPU.Build.0 = Release|Any CPU
		{F87D9170-2F70-4A6A-88F9-0A615D4B6BFF}.Debug|Any CPU.ActiveCfg = Debug|Any CPU
		{F87D9170-2F70-4A6A-88F9-0A615D4B6BFF}.Debug|Any CPU.Build.0 = Debug|Any CPU
		{F87D9170-2F70-4A6A-88F9-0A615D4B6BFF}.Release|Any CPU.ActiveCfg = Release|Any CPU
		{F87D9170-2F70-4A6A-88F9-0A615D4B6BFF}.Release|Any CPU.Build.0 = Release|Any CPU
		{B85FFA2A-4646-47DD-A4A9-C5280AB5A1F9}.Debug|Any CPU.ActiveCfg = Debug|Any CPU
		{B85FFA2A-4646-47DD-A4A9-C5280AB5A1F9}.Debug|Any CPU.Build.0 = Debug|Any CPU
		{B85FFA2A-4646-47DD-A4A9-C5280AB5A1F9}.Release|Any CPU.ActiveCfg = Release|Any CPU
		{B85FFA2A-4646-47DD-A4A9-C5280AB5A1F9}.Release|Any CPU.Build.0 = Release|Any CPU
		{A558E16C-BC44-47EF-8247-093ACC6E65A3}.Debug|Any CPU.ActiveCfg = Debug|Any CPU
		{A558E16C-BC44-47EF-8247-093ACC6E65A3}.Debug|Any CPU.Build.0 = Debug|Any CPU
		{A558E16C-BC44-47EF-8247-093ACC6E65A3}.Release|Any CPU.ActiveCfg = Release|Any CPU
		{A558E16C-BC44-47EF-8247-093ACC6E65A3}.Release|Any CPU.Build.0 = Release|Any CPU
		{3286CDF4-19F4-43EA-A283-812BA8FC98F0}.Debug|Any CPU.ActiveCfg = Debug|Any CPU
		{3286CDF4-19F4-43EA-A283-812BA8FC98F0}.Debug|Any CPU.Build.0 = Debug|Any CPU
		{3286CDF4-19F4-43EA-A283-812BA8FC98F0}.Release|Any CPU.ActiveCfg = Release|Any CPU
		{3286CDF4-19F4-43EA-A283-812BA8FC98F0}.Release|Any CPU.Build.0 = Release|Any CPU
		{AD6DEF3F-166E-45AD-9753-B471267E5DBC}.Debug|Any CPU.ActiveCfg = Debug|Any CPU
		{AD6DEF3F-166E-45AD-9753-B471267E5DBC}.Debug|Any CPU.Build.0 = Debug|Any CPU
		{AD6DEF3F-166E-45AD-9753-B471267E5DBC}.Release|Any CPU.ActiveCfg = Release|Any CPU
		{AD6DEF3F-166E-45AD-9753-B471267E5DBC}.Release|Any CPU.Build.0 = Release|Any CPU
		{96D060D4-482E-45CB-A6D5-E3D3F691BCC0}.Debug|Any CPU.ActiveCfg = Debug|Any CPU
		{96D060D4-482E-45CB-A6D5-E3D3F691BCC0}.Debug|Any CPU.Build.0 = Debug|Any CPU
		{96D060D4-482E-45CB-A6D5-E3D3F691BCC0}.Release|Any CPU.ActiveCfg = Release|Any CPU
		{96D060D4-482E-45CB-A6D5-E3D3F691BCC0}.Release|Any CPU.Build.0 = Release|Any CPU
		{AFA080A9-6AB1-4A77-B0C6-7908E3FB7AC4}.Debug|Any CPU.ActiveCfg = Debug|Any CPU
		{AFA080A9-6AB1-4A77-B0C6-7908E3FB7AC4}.Debug|Any CPU.Build.0 = Debug|Any CPU
		{AFA080A9-6AB1-4A77-B0C6-7908E3FB7AC4}.Release|Any CPU.ActiveCfg = Release|Any CPU
		{AFA080A9-6AB1-4A77-B0C6-7908E3FB7AC4}.Release|Any CPU.Build.0 = Release|Any CPU
		{0610230F-8771-4610-9734-4D2138C917AE}.Debug|Any CPU.ActiveCfg = Debug|Any CPU
		{0610230F-8771-4610-9734-4D2138C917AE}.Debug|Any CPU.Build.0 = Debug|Any CPU
		{0610230F-8771-4610-9734-4D2138C917AE}.Release|Any CPU.ActiveCfg = Release|Any CPU
		{0610230F-8771-4610-9734-4D2138C917AE}.Release|Any CPU.Build.0 = Release|Any CPU
		{BD4F7280-3675-4E9B-AF0E-F35C3F53408A}.Debug|Any CPU.ActiveCfg = Debug|Any CPU
		{BD4F7280-3675-4E9B-AF0E-F35C3F53408A}.Debug|Any CPU.Build.0 = Debug|Any CPU
		{BD4F7280-3675-4E9B-AF0E-F35C3F53408A}.Release|Any CPU.ActiveCfg = Release|Any CPU
		{BD4F7280-3675-4E9B-AF0E-F35C3F53408A}.Release|Any CPU.Build.0 = Release|Any CPU
		{D509166B-C831-4430-87A0-D658BA62A6B7}.Debug|Any CPU.ActiveCfg = Debug|Any CPU
		{D509166B-C831-4430-87A0-D658BA62A6B7}.Debug|Any CPU.Build.0 = Debug|Any CPU
		{D509166B-C831-4430-87A0-D658BA62A6B7}.Release|Any CPU.ActiveCfg = Release|Any CPU
		{D509166B-C831-4430-87A0-D658BA62A6B7}.Release|Any CPU.Build.0 = Release|Any CPU
		{20348E5F-7E58-4E44-9CB1-B812040BD4D5}.Debug|Any CPU.ActiveCfg = Debug|Any CPU
		{20348E5F-7E58-4E44-9CB1-B812040BD4D5}.Debug|Any CPU.Build.0 = Debug|Any CPU
		{20348E5F-7E58-4E44-9CB1-B812040BD4D5}.Release|Any CPU.ActiveCfg = Release|Any CPU
		{20348E5F-7E58-4E44-9CB1-B812040BD4D5}.Release|Any CPU.Build.0 = Release|Any CPU
		{F891048A-AB94-4EF6-8DB0-7AE7BCC060F3}.Debug|Any CPU.ActiveCfg = Debug|Any CPU
		{F891048A-AB94-4EF6-8DB0-7AE7BCC060F3}.Debug|Any CPU.Build.0 = Debug|Any CPU
		{F891048A-AB94-4EF6-8DB0-7AE7BCC060F3}.Release|Any CPU.ActiveCfg = Release|Any CPU
		{F891048A-AB94-4EF6-8DB0-7AE7BCC060F3}.Release|Any CPU.Build.0 = Release|Any CPU
		{F0BB9744-C44E-43D2-AADC-7F42FE888F86}.Debug|Any CPU.ActiveCfg = Debug|Any CPU
		{F0BB9744-C44E-43D2-AADC-7F42FE888F86}.Debug|Any CPU.Build.0 = Debug|Any CPU
		{F0BB9744-C44E-43D2-AADC-7F42FE888F86}.Release|Any CPU.ActiveCfg = Release|Any CPU
		{F0BB9744-C44E-43D2-AADC-7F42FE888F86}.Release|Any CPU.Build.0 = Release|Any CPU
		{E39076D5-725C-4317-B582-3BBC45895707}.Debug|Any CPU.ActiveCfg = Debug|Any CPU
		{E39076D5-725C-4317-B582-3BBC45895707}.Debug|Any CPU.Build.0 = Debug|Any CPU
		{E39076D5-725C-4317-B582-3BBC45895707}.Release|Any CPU.ActiveCfg = Release|Any CPU
		{E39076D5-725C-4317-B582-3BBC45895707}.Release|Any CPU.Build.0 = Release|Any CPU
		{1E4FB8F7-9CFA-4FE2-AF95-6E2A3ACBA6D6}.Debug|Any CPU.ActiveCfg = Debug|Any CPU
		{1E4FB8F7-9CFA-4FE2-AF95-6E2A3ACBA6D6}.Debug|Any CPU.Build.0 = Debug|Any CPU
		{1E4FB8F7-9CFA-4FE2-AF95-6E2A3ACBA6D6}.Release|Any CPU.ActiveCfg = Release|Any CPU
		{1E4FB8F7-9CFA-4FE2-AF95-6E2A3ACBA6D6}.Release|Any CPU.Build.0 = Release|Any CPU
		{03A15A68-9D6E-4957-B2DD-24E8BCC8BDD0}.Debug|Any CPU.ActiveCfg = Debug|Any CPU
		{03A15A68-9D6E-4957-B2DD-24E8BCC8BDD0}.Debug|Any CPU.Build.0 = Debug|Any CPU
		{03A15A68-9D6E-4957-B2DD-24E8BCC8BDD0}.Release|Any CPU.ActiveCfg = Release|Any CPU
		{03A15A68-9D6E-4957-B2DD-24E8BCC8BDD0}.Release|Any CPU.Build.0 = Release|Any CPU
		{3B8129B8-4537-442D-BA0F-76C30E694419}.Debug|Any CPU.ActiveCfg = Debug|Any CPU
		{3B8129B8-4537-442D-BA0F-76C30E694419}.Debug|Any CPU.Build.0 = Debug|Any CPU
		{3B8129B8-4537-442D-BA0F-76C30E694419}.Release|Any CPU.ActiveCfg = Release|Any CPU
		{3B8129B8-4537-442D-BA0F-76C30E694419}.Release|Any CPU.Build.0 = Release|Any CPU
		{F2025C71-5BA1-46C8-B787-E6089B8119D2}.Debug|Any CPU.ActiveCfg = Debug|Any CPU
		{F2025C71-5BA1-46C8-B787-E6089B8119D2}.Debug|Any CPU.Build.0 = Debug|Any CPU
		{F2025C71-5BA1-46C8-B787-E6089B8119D2}.Release|Any CPU.ActiveCfg = Release|Any CPU
		{F2025C71-5BA1-46C8-B787-E6089B8119D2}.Release|Any CPU.Build.0 = Release|Any CPU
		{9505C58F-9BF4-41FF-8738-6F00DC05D3C7}.Debug|Any CPU.ActiveCfg = Debug|Any CPU
		{9505C58F-9BF4-41FF-8738-6F00DC05D3C7}.Debug|Any CPU.Build.0 = Debug|Any CPU
		{9505C58F-9BF4-41FF-8738-6F00DC05D3C7}.Release|Any CPU.ActiveCfg = Release|Any CPU
		{9505C58F-9BF4-41FF-8738-6F00DC05D3C7}.Release|Any CPU.Build.0 = Release|Any CPU
		{87C412B3-C818-428A-9B9E-0A1748F54F97}.Debug|Any CPU.ActiveCfg = Debug|Any CPU
		{87C412B3-C818-428A-9B9E-0A1748F54F97}.Debug|Any CPU.Build.0 = Debug|Any CPU
		{87C412B3-C818-428A-9B9E-0A1748F54F97}.Release|Any CPU.ActiveCfg = Release|Any CPU
		{87C412B3-C818-428A-9B9E-0A1748F54F97}.Release|Any CPU.Build.0 = Release|Any CPU
		{CEBD24F0-A4B3-451A-B20B-A585C7C61D77}.Debug|Any CPU.ActiveCfg = Debug|Any CPU
		{CEBD24F0-A4B3-451A-B20B-A585C7C61D77}.Debug|Any CPU.Build.0 = Debug|Any CPU
		{CEBD24F0-A4B3-451A-B20B-A585C7C61D77}.Release|Any CPU.ActiveCfg = Release|Any CPU
		{CEBD24F0-A4B3-451A-B20B-A585C7C61D77}.Release|Any CPU.Build.0 = Release|Any CPU
		{E6DA0CD5-C078-413A-A217-A428837DB291}.Debug|Any CPU.ActiveCfg = Debug|Any CPU
		{E6DA0CD5-C078-413A-A217-A428837DB291}.Debug|Any CPU.Build.0 = Debug|Any CPU
		{E6DA0CD5-C078-413A-A217-A428837DB291}.Release|Any CPU.ActiveCfg = Release|Any CPU
		{E6DA0CD5-C078-413A-A217-A428837DB291}.Release|Any CPU.Build.0 = Release|Any CPU
	EndGlobalSection
	GlobalSection(SolutionProperties) = preSolution
		HideSolutionNode = FALSE
	EndGlobalSection
	GlobalSection(NestedProjects) = preSolution
		{EB5333FE-5E53-48BE-B656-1A85803E1BD4} = {B65F928E-A16E-4DC1-B01E-87E39305DE55}
		{F87D9170-2F70-4A6A-88F9-0A615D4B6BFF} = {B65F928E-A16E-4DC1-B01E-87E39305DE55}
		{B85FFA2A-4646-47DD-A4A9-C5280AB5A1F9} = {B65F928E-A16E-4DC1-B01E-87E39305DE55}
		{A558E16C-BC44-47EF-8247-093ACC6E65A3} = {B65F928E-A16E-4DC1-B01E-87E39305DE55}
		{3286CDF4-19F4-43EA-A283-812BA8FC98F0} = {B65F928E-A16E-4DC1-B01E-87E39305DE55}
		{AD6DEF3F-166E-45AD-9753-B471267E5DBC} = {B65F928E-A16E-4DC1-B01E-87E39305DE55}
		{96D060D4-482E-45CB-A6D5-E3D3F691BCC0} = {B65F928E-A16E-4DC1-B01E-87E39305DE55}
		{AFA080A9-6AB1-4A77-B0C6-7908E3FB7AC4} = {4F570AD0-FC46-4FD8-A91F-99E7724D268D}
		{0610230F-8771-4610-9734-4D2138C917AE} = {B65F928E-A16E-4DC1-B01E-87E39305DE55}
		{BD4F7280-3675-4E9B-AF0E-F35C3F53408A} = {4F570AD0-FC46-4FD8-A91F-99E7724D268D}
		{D509166B-C831-4430-87A0-D658BA62A6B7} = {B65F928E-A16E-4DC1-B01E-87E39305DE55}
		{20348E5F-7E58-4E44-9CB1-B812040BD4D5} = {B65F928E-A16E-4DC1-B01E-87E39305DE55}
		{F891048A-AB94-4EF6-8DB0-7AE7BCC060F3} = {B65F928E-A16E-4DC1-B01E-87E39305DE55}
		{F0BB9744-C44E-43D2-AADC-7F42FE888F86} = {4F570AD0-FC46-4FD8-A91F-99E7724D268D}
		{E39076D5-725C-4317-B582-3BBC45895707} = {B65F928E-A16E-4DC1-B01E-87E39305DE55}
		{1E4FB8F7-9CFA-4FE2-AF95-6E2A3ACBA6D6} = {4F570AD0-FC46-4FD8-A91F-99E7724D268D}
		{03A15A68-9D6E-4957-B2DD-24E8BCC8BDD0} = {4F570AD0-FC46-4FD8-A91F-99E7724D268D}
		{3B8129B8-4537-442D-BA0F-76C30E694419} = {4F570AD0-FC46-4FD8-A91F-99E7724D268D}
		{F2025C71-5BA1-46C8-B787-E6089B8119D2} = {4F570AD0-FC46-4FD8-A91F-99E7724D268D}
		{9505C58F-9BF4-41FF-8738-6F00DC05D3C7} = {4F570AD0-FC46-4FD8-A91F-99E7724D268D}
		{87C412B3-C818-428A-9B9E-0A1748F54F97} = {4F570AD0-FC46-4FD8-A91F-99E7724D268D}
		{CEBD24F0-A4B3-451A-B20B-A585C7C61D77} = {4F570AD0-FC46-4FD8-A91F-99E7724D268D}
		{E6DA0CD5-C078-413A-A217-A428837DB291} = {4F570AD0-FC46-4FD8-A91F-99E7724D268D}
	EndGlobalSection
EndGlobal
